<?xml version="1.0" encoding="utf-8"?>
<Project ToolsVersion="4.0" xmlns="http://schemas.microsoft.com/developer/msbuild/2003">
  <ItemGroup>
    <Filter Include="Source Files">
      <UniqueIdentifier>{4FC737F1-C7A5-4376-A066-2A32D752A2FF}</UniqueIdentifier>
      <Extensions>cpp;c;cc;cxx;def;odl;idl;hpj;bat;asm;asmx</Extensions>
    </Filter>
    <Filter Include="Header Files">
      <UniqueIdentifier>{93995380-89BD-4b04-88EB-625FBE52EBFB}</UniqueIdentifier>
      <Extensions>h;hpp;hxx;hm;inl;inc;xsd</Extensions>
    </Filter>
    <Filter Include="Resource Files">
      <UniqueIdentifier>{67DA6AB6-F800-4c08-8B7A-83BB121AAD01}</UniqueIdentifier>
      <Extensions>rc;ico;cur;bmp;dlg;rc2;rct;bin;rgs;gif;jpg;jpeg;jpe;resx;tiff;tif;png;wav;mfcribbon-ms</Extensions>
    </Filter>
    <Filter Include="Driver Files">
      <UniqueIdentifier>{8E41214B-6785-4CFE-B992-037D68949A14}</UniqueIdentifier>
      <Extensions>inf;inv;inx;mof;mc;</Extensions>
    </Filter>
    <Filter Include="Source Files\DriverInit">
      <UniqueIdentifier>{c58fe182-1528-4cf7-8dfd-1697f3d989c0}</UniqueIdentifier>
    </Filter>
    <Filter Include="Source Files\Global">
      <UniqueIdentifier>{fb6dbfd2-76fb-43da-b1b6-a1f882a29244}</UniqueIdentifier>
    </Filter>
    <Filter Include="Source Files\ReadWrite">
      <UniqueIdentifier>{77f6c2d1-4b82-497c-ba94-030fd7005ac8}</UniqueIdentifier>
    </Filter>
    <Filter Include="Source Files\Injector">
      <UniqueIdentifier>{cd3eb9bd-6baf-4771-a7fb-fc28eb5d34fe}</UniqueIdentifier>
    </Filter>
    <Filter Include="Source Files\APC">
      <UniqueIdentifier>{3be552b0-d3b5-45bf-90a6-5d3d73440429}</UniqueIdentifier>
    </Filter>
    <Filter Include="Source Files\PageAttrHide">
      <UniqueIdentifier>{847d53bc-3c6c-4af0-808e-99e7416142a4}</UniqueIdentifier>
    </Filter>
    <Filter Include="Source Files\PTEHook">
      <UniqueIdentifier>{5541ee0d-1227-420d-998a-fc417c0562b4}</UniqueIdentifier>
    </Filter>
  </ItemGroup>
  <ItemGroup>
    <ClCompile Include="DriverInit.cpp">
      <Filter>Source Files\DriverInit</Filter>
    </ClCompile>
    <ClCompile Include="Global.cpp">
      <Filter>Source Files\Global</Filter>
    </ClCompile>
    <ClCompile Include="ReadWrite.cpp">
      <Filter>Source Files\ReadWrite</Filter>
    </ClCompile>
    <ClCompile Include="APC.cpp">
      <Filter>Source Files\APC</Filter>
    </ClCompile>
    <ClCompile Include="Injector.cpp">
      <Filter>Source Files\Injector</Filter>
    </ClCompile>
    <ClCompile Include="PageAttrHide.cpp">
      <Filter>Source Files\PageAttrHide</Filter>
    </ClCompile>
    <ClCompile Include="PTEHook.cpp">
      <Filter>Source Files\PTEHook</Filter>
    </ClCompile>
  </ItemGroup>
  <ItemGroup>
    <ClInclude Include="Global.h">
      <Filter>Header Files</Filter>
    </ClInclude>
    <ClInclude Include="ReadWrite.h">
      <Filter>Header Files</Filter>
    </ClInclude>
    <ClInclude Include="APC.h">
      <Filter>Header Files</Filter>
    </ClInclude>
    <ClInclude Include="Injector.h">
      <Filter>Header Files</Filter>
    </ClInclude>
    <ClInclude Include="PageAttrHide.h">
      <Filter>Header Files</Filter>
    </ClInclude>
    <ClInclude Include="PTEHook.h">
      <Filter>Header Files</Filter>
    </ClInclude>
  </ItemGroup>
  <ItemGroup>
    <Text Include="ModuleBrief.txt">
      <Filter>Source Files\ReadWrite</Filter>
    </Text>
  </ItemGroup>
</Project>